
Microsoft Visual Studio Solution File, Format Version 12.00
# Visual Studio Version 17
VisualStudioVersion = 17.13.35818.85 d17.13
MinimumVisualStudioVersion = 10.0.40219.1
Project("{8BC9CEB8-8B4A-11D0-8D11-00A0C91BC942}") = "OOPTest1", "OOPTest1\OOPTest1.vcxproj", "{AEED5435-9131-45ED-A3B8-5F076D75E0A5}"
EndProject
Global
	GlobalSection(SolutionConfigurationPlatforms) = preSolution
		Debug|x64 = Debug|x64
		Debug|x86 = Debug|x86
		Release|x64 = Release|x64
		Release|x86 = Release|x86
	EndGlobalSection
	GlobalSection(ProjectConfigurationPlatforms) = postSolution
		{AEED5435-9131-45ED-A3B8-5F076D75E0A5}.Debug|x64.ActiveCfg = Debug|x64
		{AEED5435-9131-45ED-A3B8-5F076D75E0A5}.Debug|x64.Build.0 = Debug|x64
		{AEED5435-9131-45ED-A3B8-5F076D75E0A5}.Debug|x86.ActiveCfg = Debug|Win32
		{AEED5435-9131-45ED-A3B8-5F076D75E0A5}.Debug|x86.Build.0 = Debug|Win32
		{AEED5435-9131-45ED-A3B8-5F076D75E0A5}.Release|x64.ActiveCfg = Release|x64
		{AEED5435-9131-45ED-A3B8-5F076D75E0A5}.Release|x64.Build.0 = Release|x64
		{AEED5435-9131-45ED-A3B8-5F076D75E0A5}.Release|x86.ActiveCfg = Release|Win32
		{AEED5435-9131-45ED-A3B8-5F076D75E0A5}.Release|x86.Build.0 = Release|Win32
	EndGlobalSection
	GlobalSection(SolutionProperties) = preSolution
		HideSolutionNode = FALSE
	EndGlobalSection
	GlobalSection(ExtensibilityGlobals) = postSolution
		SolutionGuid = {EFA676F5-C2F7-4980-8CA7-C29E33BE3C5C}
	EndGlobalSection
EndGlobal
